
Microsoft Visual Studio Solution File, Format Version 12.00
# Visual Studio Version 17
VisualStudioVersion = 17.14.36603.0 d17.14
MinimumVisualStudioVersion = 10.0.40219.1
Project("{FAE04EC0-301F-11D3-BF4B-00C04F79EFBC}") = "AnalisisProg", "AnalisisProg\AnalisisProg.csproj", "{291A4CD6-3AEB-44DD-B975-5B37D068607B}"
EndProject
Global
	GlobalSection(SolutionConfigurationPlatforms) = preSolution
		Debug|Any CPU = Debug|Any CPU
		Release|Any CPU = Release|Any CPU
	EndGlobalSection
	GlobalSection(ProjectConfigurationPlatforms) = postSolution
		{291A4CD6-3AEB-44DD-B975-5B37D068607B}.Debug|Any CPU.ActiveCfg = Debug|Any CPU
		{291A4CD6-3AEB-44DD-B975-5B37D068607B}.Debug|Any CPU.Build.0 = Debug|Any CPU
		{291A4CD6-3AEB-44DD-B975-5B37D068607B}.Release|Any CPU.ActiveCfg = Release|Any CPU
		{291A4CD6-3AEB-44DD-B975-5B37D068607B}.Release|Any CPU.Build.0 = Release|Any CPU
	EndGlobalSection
	GlobalSection(SolutionProperties) = preSolution
		HideSolutionNode = FALSE
	EndGlobalSection
	GlobalSection(ExtensibilityGlobals) = postSolution
		SolutionGuid = {090E10F1-497E-4003-8738-41064361AD27}
	EndGlobalSection
EndGlobal
